
Microsoft Visual Studio Solution File, Format Version 12.00
# Visual Studio Version 17
VisualStudioVersion = 17.7.34031.279
MinimumVisualStudioVersion = 10.0.40219.1
Project("{8BC9CEB8-8B4A-11D0-8D11-00A0C91BC942}") = "mainprogram", "mainprogram\mainprogram.vcxproj", "{DC30EA7D-965D-49FB-BA77-07775D187854}"
EndProject
Project("{2150E333-8FDC-42A3-9474-1A3956D46DE8}") = "Элементы решения", "Элементы решения", "{E48DFD68-A038-426D-9391-A4F022256FB8}"
	ProjectSection(SolutionItems) = preProject
		..\source\x64\Debug\source.dll = ..\source\x64\Debug\source.dll
	EndProjectSection
EndProject
Global
	GlobalSection(SolutionConfigurationPlatforms) = preSolution
		Debug|x64 = Debug|x64
		Debug|x86 = Debug|x86
		Release|x64 = Release|x64
		Release|x86 = Release|x86
	EndGlobalSection
	GlobalSection(ProjectConfigurationPlatforms) = postSolution
		{DC30EA7D-965D-49FB-BA77-07775D187854}.Debug|x64.ActiveCfg = Debug|x64
		{DC30EA7D-965D-49FB-BA77-07775D187854}.Debug|x64.Build.0 = Debug|x64
		{DC30EA7D-965D-49FB-BA77-07775D187854}.Debug|x86.ActiveCfg = Debug|Win32
		{DC30EA7D-965D-49FB-BA77-07775D187854}.Debug|x86.Build.0 = Debug|Win32
		{DC30EA7D-965D-49FB-BA77-07775D187854}.Release|x64.ActiveCfg = Release|x64
		{DC30EA7D-965D-49FB-BA77-07775D187854}.Release|x64.Build.0 = Release|x64
		{DC30EA7D-965D-49FB-BA77-07775D187854}.Release|x86.ActiveCfg = Release|Win32
		{DC30EA7D-965D-49FB-BA77-07775D187854}.Release|x86.Build.0 = Release|Win32
	EndGlobalSection
	GlobalSection(SolutionProperties) = preSolution
		HideSolutionNode = FALSE
	EndGlobalSection
	GlobalSection(ExtensibilityGlobals) = postSolution
		SolutionGuid = {7A56D37D-E44E-4AC1-A036-61A12BB968AC}
	EndGlobalSection
EndGlobal
